# THIS IS AN AUTOGENERATED FILE. DO NOT EDIT THIS FILE DIRECTLY.
# yarn lockfile v1


preact-render-to-string@^5.0.6:
  version "5.0.6"
  resolved "https://registry.yarnpkg.com/preact-render-to-string/-/preact-render-to-string-5.0.6.tgz#3e89078f78e88157a044f91914b348894cd18d03"
  integrity sha512-VOsbY/YNPJVIxEdzkUJNwhZNEOE5/w4lbEAsBvhsImbpeDsDhCtUvzpZav/j8tHF8HcG6lNWljmkmXfy+KEnsQ==
  dependencies:
    pretty-format "^3.8.0"

preact@^10.0.0-rc.3:
  version "10.0.0-rc.3"
  resolved "https://registry.yarnpkg.com/preact/-/preact-10.0.0-rc.3.tgz#258d1bbf11744e0460b8681422cd6a0c18200df7"
  integrity sha512-IvDc2AGvHJncEtORciLDzpluDF2MsZqf9eo6xHt7HVY4E6OvxZzAePYJtv3siVdEntxmB9NciQpbToT1APqJYQ==

pretty-format@^3.8.0:
  version "3.8.0"
  resolved "https://registry.yarnpkg.com/pretty-format/-/pretty-format-3.8.0.tgz#bfbed56d5e9a776645f4b1ff7aa1a3ac4fa3c385"
  integrity sha1-v77VbV6ad2ZF9LH/eqGjrE+jw4U=
